
Microsoft Visual Studio Solution File, Format Version 12.00
# Visual Studio Version 17
VisualStudioVersion = 17.3.32929.385
MinimumVisualStudioVersion = 10.0.40219.1
Project("{FAE04EC0-301F-11D3-BF4B-00C04F79EFBC}") = "Minda_Iulia_Lab1", "Minda_Iulia_Lab1.csproj", "{B4ADE8C3-61AD-403E-B076-8A99C2DB2B2A}"
EndProject
Global
	GlobalSection(SolutionConfigurationPlatforms) = preSolution
		Debug|Any CPU = Debug|Any CPU
		Release|Any CPU = Release|Any CPU
	EndGlobalSection
	GlobalSection(ProjectConfigurationPlatforms) = postSolution
		{B4ADE8C3-61AD-403E-B076-8A99C2DB2B2A}.Debug|Any CPU.ActiveCfg = Debug|Any CPU
		{B4ADE8C3-61AD-403E-B076-8A99C2DB2B2A}.Debug|Any CPU.Build.0 = Debug|Any CPU
		{B4ADE8C3-61AD-403E-B076-8A99C2DB2B2A}.Release|Any CPU.ActiveCfg = Release|Any CPU
		{B4ADE8C3-61AD-403E-B076-8A99C2DB2B2A}.Release|Any CPU.Build.0 = Release|Any CPU
	EndGlobalSection
	GlobalSection(SolutionProperties) = preSolution
		HideSolutionNode = FALSE
	EndGlobalSection
	GlobalSection(ExtensibilityGlobals) = postSolution
		SolutionGuid = {68018519-0B22-4DC9-9601-8D0BE120CF99}
	EndGlobalSection
EndGlobal
